// !$*UTF8*$!
{
	archiveVersion = 1;
	classes = {
	};
	objectVersion = 51;
	objects = {

/* Begin PBXBuildFile section */
		247ACE4E53010912665FCEAC /* Pods_BaseMVVM.framework in Frameworks */ = {isa = PBXBuildFile; fileRef = 84005D906925C5BFE8FA7FB8 /* Pods_BaseMVVM.framework */; };
		6AF3BFA1C890ABF6A5042319 /* Pods_BaseMVVMTests.framework in Frameworks */ = {isa = PBXBuildFile; fileRef = 16E7780F07A0C5C317D21554 /* Pods_BaseMVVMTests.framework */; };
		6D9EF864FDCC2A24A253E02F /* Pods_BaseMVVM_BaseMVVMUITests.framework in Frameworks */ = {isa = PBXBuildFile; fileRef = 88C42C27BBE3B4DFF8A0001A /* Pods_BaseMVVM_BaseMVVMUITests.framework */; };
		BC308BEB263A6A000063C7BC /* UIImage+.swift in Sources */ = {isa = PBXBuildFile; fileRef = BC308BEA263A6A000063C7BC /* UIImage+.swift */; };
		BC32CBD5264448E0003851A8 /* MovieDetailModel.swift in Sources */ = {isa = PBXBuildFile; fileRef = BC32CBD4264448E0003851A8 /* MovieDetailModel.swift */; };
		BC32CBDA26444BE1003851A8 /* MovieDetail.swift in Sources */ = {isa = PBXBuildFile; fileRef = BC32CBD926444BE1003851A8 /* MovieDetail.swift */; };
		BC32CBDF26444BFB003851A8 /* MovieAttribute.swift in Sources */ = {isa = PBXBuildFile; fileRef = BC32CBDE26444BFB003851A8 /* MovieAttribute.swift */; };
		BC32CBE526444DF9003851A8 /* MovieDetailViewModel.swift in Sources */ = {isa = PBXBuildFile; fileRef = BC32CBE426444DF9003851A8 /* MovieDetailViewModel.swift */; };
		BC32CBEB26445185003851A8 /* MovieDetailViewController.swift in Sources */ = {isa = PBXBuildFile; fileRef = BC32CBEA26445185003851A8 /* MovieDetailViewController.swift */; };
		BC32CBF4264451EB003851A8 /* MovieDetailFlowLayout.swift in Sources */ = {isa = PBXBuildFile; fileRef = BC32CBF3264451EB003851A8 /* MovieDetailFlowLayout.swift */; };
		BC32CBF9264454DB003851A8 /* MovieAttributeCell.swift in Sources */ = {isa = PBXBuildFile; fileRef = BC32CBF8264454DB003851A8 /* MovieAttributeCell.swift */; };
		BC70C2542625AB320070AE5C /* ProjectError.swift in Sources */ = {isa = PBXBuildFile; fileRef = BC70C2532625AB320070AE5C /* ProjectError.swift */; };
		BC70C2652625ACF70070AE5C /* Sequence+DomainMapping.swift in Sources */ = {isa = PBXBuildFile; fileRef = BC70C2642625ACF70070AE5C /* Sequence+DomainMapping.swift */; };
		BC70C26A2625AD4F0070AE5C /* Single+DomainMapping.swift in Sources */ = {isa = PBXBuildFile; fileRef = BC70C2692625AD4F0070AE5C /* Single+DomainMapping.swift */; };
		BC70C26F2625AE3C0070AE5C /* DomainErrorConvertible.swift in Sources */ = {isa = PBXBuildFile; fileRef = BC70C26E2625AE3C0070AE5C /* DomainErrorConvertible.swift */; };
		BC70C2742625B44E0070AE5C /* ErrorTracker.swift in Sources */ = {isa = PBXBuildFile; fileRef = BC70C2732625B44E0070AE5C /* ErrorTracker.swift */; };
		BC70C2882626CCF40070AE5C /* ErrorHandler.swift in Sources */ = {isa = PBXBuildFile; fileRef = BC70C2872626CCF40070AE5C /* ErrorHandler.swift */; };
		BC70C28E2626D4E40070AE5C /* Rx+.swift in Sources */ = {isa = PBXBuildFile; fileRef = BC70C28D2626D4E40070AE5C /* Rx+.swift */; };
		BC70C29A2626D8CD0070AE5C /* ActivityTracker.swift in Sources */ = {isa = PBXBuildFile; fileRef = BC70C2992626D8CD0070AE5C /* ActivityTracker.swift */; };
		BC7B11E7251608EA008D0E59 /* HomeViewController.swift in Sources */ = {isa = PBXBuildFile; fileRef = BC7B11E6251608EA008D0E59 /* HomeViewController.swift */; };
		BC7B122425160A3F008D0E59 /* View+.swift in Sources */ = {isa = PBXBuildFile; fileRef = BC7B122325160A3F008D0E59 /* View+.swift */; };
		BC7B122C25160AE5008D0E59 /* ViewController+.swift in Sources */ = {isa = PBXBuildFile; fileRef = BC7B122B25160AE5008D0E59 /* ViewController+.swift */; };
		BCA1368626206B3800801770 /* Movie.swift in Sources */ = {isa = PBXBuildFile; fileRef = BCA1368526206B3800801770 /* Movie.swift */; };
		BCA1374B2621FA3500801770 /* Network.swift in Sources */ = {isa = PBXBuildFile; fileRef = BCA1374A2621FA3500801770 /* Network.swift */; };
		BCA137532621FA7F00801770 /* NetworkConfiguration.swift in Sources */ = {isa = PBXBuildFile; fileRef = BCA137522621FA7F00801770 /* NetworkConfiguration.swift */; };
		BCA137582621FACA00801770 /* NetworkError.swift in Sources */ = {isa = PBXBuildFile; fileRef = BCA137572621FACA00801770 /* NetworkError.swift */; };
		BCA1375D2621FB3600801770 /* NetworkLogger.swift in Sources */ = {isa = PBXBuildFile; fileRef = BCA1375C2621FB3600801770 /* NetworkLogger.swift */; };
		BCA137632621FC6600801770 /* EndpointConvertible.swift in Sources */ = {isa = PBXBuildFile; fileRef = BCA137622621FC6600801770 /* EndpointConvertible.swift */; };
		BCA1376B2621FCA200801770 /* HTTPEncoder.swift in Sources */ = {isa = PBXBuildFile; fileRef = BCA1376A2621FCA200801770 /* HTTPEncoder.swift */; };
		BCA137702621FCD700801770 /* RequestConvertible.swift in Sources */ = {isa = PBXBuildFile; fileRef = BCA1376F2621FCD700801770 /* RequestConvertible.swift */; };
		BCA137762621FDEA00801770 /* Single+Validation.swift in Sources */ = {isa = PBXBuildFile; fileRef = BCA137752621FDEA00801770 /* Single+Validation.swift */; };
		BCA1377E2621FE3E00801770 /* Single+Decodable.swift in Sources */ = {isa = PBXBuildFile; fileRef = BCA1377D2621FE3E00801770 /* Single+Decodable.swift */; };
		BCA137832621FE7200801770 /* Single+Decodable+BaseResponse.swift in Sources */ = {isa = PBXBuildFile; fileRef = BCA137822621FE7200801770 /* Single+Decodable+BaseResponse.swift */; };
		BCA137882621FF0700801770 /* MovieModel.swift in Sources */ = {isa = PBXBuildFile; fileRef = BCA137872621FF0700801770 /* MovieModel.swift */; };
		BCA137902621FF9000801770 /* MovieAPIRouter.swift in Sources */ = {isa = PBXBuildFile; fileRef = BCA1378F2621FF9000801770 /* MovieAPIRouter.swift */; };
		BCA137A5262200BD00801770 /* MovieService.swift in Sources */ = {isa = PBXBuildFile; fileRef = BCA137A4262200BD00801770 /* MovieService.swift */; };
		BCA137AA262201CF00801770 /* Configs.swift in Sources */ = {isa = PBXBuildFile; fileRef = BCA137A9262201CF00801770 /* Configs.swift */; };
		BCA137FD2622A09200801770 /* Assembler+.swift in Sources */ = {isa = PBXBuildFile; fileRef = BCA137FC2622A09200801770 /* Assembler+.swift */; };
		BCA138052622A10500801770 /* ServiceAssembly.swift in Sources */ = {isa = PBXBuildFile; fileRef = BCA138042622A10500801770 /* ServiceAssembly.swift */; };
		BCA138122622AB0B00801770 /* AssemblerConfigs.swift in Sources */ = {isa = PBXBuildFile; fileRef = BCA138112622AB0B00801770 /* AssemblerConfigs.swift */; };
		BCA138172622AD1500801770 /* Assembler+Service.swift in Sources */ = {isa = PBXBuildFile; fileRef = BCA138162622AD1500801770 /* Assembler+Service.swift */; };
		BCA1381C262346A000801770 /* ViewModelAssembly.swift in Sources */ = {isa = PBXBuildFile; fileRef = BCA1381B262346A000801770 /* ViewModelAssembly.swift */; };
		BCA13821262349B500801770 /* ViewControllerAssembly.swift in Sources */ = {isa = PBXBuildFile; fileRef = BCA13820262349B500801770 /* ViewControllerAssembly.swift */; };
		BCA138302624067500801770 /* AppCoordinator.swift in Sources */ = {isa = PBXBuildFile; fileRef = BCA1382F2624067500801770 /* AppCoordinator.swift */; };
		BCA1383526241E8500801770 /* HomeCoordinator.swift in Sources */ = {isa = PBXBuildFile; fileRef = BCA1383426241E8500801770 /* HomeCoordinator.swift */; };
		BCA13848262422FA00801770 /* BaseViewModel.swift in Sources */ = {isa = PBXBuildFile; fileRef = BCA13847262422FA00801770 /* BaseViewModel.swift */; };
		BCA138512624453700801770 /* BaseViewController.swift in Sources */ = {isa = PBXBuildFile; fileRef = BCA138502624453700801770 /* BaseViewController.swift */; };
		BCA1385A2624490C00801770 /* ExtendApplication+Services.swift in Sources */ = {isa = PBXBuildFile; fileRef = BCA138592624490C00801770 /* ExtendApplication+Services.swift */; };
		BCA1386526244A3A00801770 /* ExtendApplication.swift in Sources */ = {isa = PBXBuildFile; fileRef = BCA1386426244A3A00801770 /* ExtendApplication.swift */; };
		BCA1386B26244AFF00801770 /* MovieInjectorType.swift in Sources */ = {isa = PBXBuildFile; fileRef = BCA1386A26244AFF00801770 /* MovieInjectorType.swift */; };
		BCB31DF42620140B0087B5A5 /* DomainConvertible.swift in Sources */ = {isa = PBXBuildFile; fileRef = BCB31DF32620140B0087B5A5 /* DomainConvertible.swift */; };
		BCB31E1826203BEA0087B5A5 /* HomeViewModel.swift in Sources */ = {isa = PBXBuildFile; fileRef = BCB31E1726203BEA0087B5A5 /* HomeViewModel.swift */; };
		BCCC3CAB250B73060065D7DE /* AppDelegate.swift in Sources */ = {isa = PBXBuildFile; fileRef = BCCC3CAA250B73060065D7DE /* AppDelegate.swift */; };
		BCCC3CB4250B73070065D7DE /* Assets.xcassets in Resources */ = {isa = PBXBuildFile; fileRef = BCCC3CB3250B73070065D7DE /* Assets.xcassets */; };
		BCCC3CB7250B73070065D7DE /* LaunchScreen.storyboard in Resources */ = {isa = PBXBuildFile; fileRef = BCCC3CB5250B73070065D7DE /* LaunchScreen.storyboard */; };
		BCCC3CC2250B73070065D7DE /* BaseMVVMTests.swift in Sources */ = {isa = PBXBuildFile; fileRef = BCCC3CC1250B73070065D7DE /* BaseMVVMTests.swift */; };
		BCCC3CCD250B73070065D7DE /* BaseMVVMUITests.swift in Sources */ = {isa = PBXBuildFile; fileRef = BCCC3CCC250B73070065D7DE /* BaseMVVMUITests.swift */; };
		BCCDDCB826453E4B002EE41B /* MyNavigationView.swift in Sources */ = {isa = PBXBuildFile; fileRef = BCCDDCB726453E4B002EE41B /* MyNavigationView.swift */; };
		BCCDDCC526453E98002EE41B /* BaseCustomView.swift in Sources */ = {isa = PBXBuildFile; fileRef = BCCDDCC426453E98002EE41B /* BaseCustomView.swift */; };
		BCE1E6F926404932008774FA /* ReactiveCoordinator.swift in Sources */ = {isa = PBXBuildFile; fileRef = BCE1E6F826404932008774FA /* ReactiveCoordinator.swift */; };
		BCE1E6FF26404F76008774FA /* BlockUseCase.swift in Sources */ = {isa = PBXBuildFile; fileRef = BCE1E6FE26404F76008774FA /* BlockUseCase.swift */; };
		BCE1E7362640520D008774FA /* MovieUseCase.swift in Sources */ = {isa = PBXBuildFile; fileRef = BCE1E7352640520D008774FA /* MovieUseCase.swift */; };
		BCE1E73B2640530B008774FA /* StarWarUserCase.swift in Sources */ = {isa = PBXBuildFile; fileRef = BCE1E73A2640530B008774FA /* StarWarUserCase.swift */; };
		BCE1E74026405443008774FA /* UserCaseAssembly.swift in Sources */ = {isa = PBXBuildFile; fileRef = BCE1E73F26405443008774FA /* UserCaseAssembly.swift */; };
		BCEA3A5E2644E97D0071842D /* OtherMovieSectionViewModel.swift in Sources */ = {isa = PBXBuildFile; fileRef = BCEA3A5D2644E97D0071842D /* OtherMovieSectionViewModel.swift */; };
		BCEA3A632644EA050071842D /* MovieDetailCoordinator.swift in Sources */ = {isa = PBXBuildFile; fileRef = BCEA3A622644EA050071842D /* MovieDetailCoordinator.swift */; };
		BCFF2E4C2631643E00BD58DD /* StarWarAPIRouter.swift in Sources */ = {isa = PBXBuildFile; fileRef = BCFF2E4B2631643E00BD58DD /* StarWarAPIRouter.swift */; };
		BCFF2E52263164F200BD58DD /* StarWarService.swift in Sources */ = {isa = PBXBuildFile; fileRef = BCFF2E51263164F200BD58DD /* StarWarService.swift */; };
		BCFF2E5B2631655200BD58DD /* StarShipsModel.swift in Sources */ = {isa = PBXBuildFile; fileRef = BCFF2E5A2631655200BD58DD /* StarShipsModel.swift */; };
		BCFF2E632631658300BD58DD /* StarShipModel.swift in Sources */ = {isa = PBXBuildFile; fileRef = BCFF2E622631658300BD58DD /* StarShipModel.swift */; };
		BCFF2E682631691200BD58DD /* StarShip.swift in Sources */ = {isa = PBXBuildFile; fileRef = BCFF2E672631691200BD58DD /* StarShip.swift */; };
		BCFF2E6D26316CFB00BD58DD /* StarWarInjectorType.swift in Sources */ = {isa = PBXBuildFile; fileRef = BCFF2E6C26316CFB00BD58DD /* StarWarInjectorType.swift */; };
		BCFF2E7E26317B4900BD58DD /* MovieSectionViewModel.swift in Sources */ = {isa = PBXBuildFile; fileRef = BCFF2E7D26317B4900BD58DD /* MovieSectionViewModel.swift */; };
		BCFF2E8326317C2E00BD58DD /* StarWarSectionViewModel.swift in Sources */ = {isa = PBXBuildFile; fileRef = BCFF2E8226317C2E00BD58DD /* StarWarSectionViewModel.swift */; };
		BCFF2E8826317F0300BD58DD /* BaseCollectionViewCell.swift in Sources */ = {isa = PBXBuildFile; fileRef = BCFF2E8726317F0300BD58DD /* BaseCollectionViewCell.swift */; };
		BCFF2E9326317FA900BD58DD /* StarShipsSection.swift in Sources */ = {isa = PBXBuildFile; fileRef = BCFF2E9226317FA900BD58DD /* StarShipsSection.swift */; };
		BCFF2E9B26317FBB00BD58DD /* MoviesSection.swift in Sources */ = {isa = PBXBuildFile; fileRef = BCFF2E9A26317FBB00BD58DD /* MoviesSection.swift */; };
		BCFF2EA02631814100BD58DD /* UIStackView+.swift in Sources */ = {isa = PBXBuildFile; fileRef = BCFF2E9F2631814100BD58DD /* UIStackView+.swift */; };
		BCFF2EB42631888D00BD58DD /* UIImageView+.swift in Sources */ = {isa = PBXBuildFile; fileRef = BCFF2EB32631888D00BD58DD /* UIImageView+.swift */; };
		BCFF2EC82631926500BD58DD /* NSObject+.swift in Sources */ = {isa = PBXBuildFile; fileRef = BCFF2EC72631926500BD58DD /* NSObject+.swift */; };
		BCFF2ECE263272B600BD58DD /* CommonHorizontalFlowLayout.swift in Sources */ = {isa = PBXBuildFile; fileRef = BCFF2ECD263272B600BD58DD /* CommonHorizontalFlowLayout.swift */; };
		BCFF2ED32632779A00BD58DD /* HomeCollectionFlowLayout.swift in Sources */ = {isa = PBXBuildFile; fileRef = BCFF2ED22632779A00BD58DD /* HomeCollectionFlowLayout.swift */; };
		BCFF2ED9263277D600BD58DD /* Constant.swift in Sources */ = {isa = PBXBuildFile; fileRef = BCFF2ED8263277D600BD58DD /* Constant.swift */; };
		BCFF2EF32632AD7200BD58DD /* LeakFinder.swift in Sources */ = {isa = PBXBuildFile; fileRef = BCFF2EF22632AD7200BD58DD /* LeakFinder.swift */; };
/* End PBXBuildFile section */

/* Begin PBXContainerItemProxy section */
		BCCC3CBE250B73070065D7DE /* PBXContainerItemProxy */ = {
			isa = PBXContainerItemProxy;
			containerPortal = BCCC3C9F250B73060065D7DE /* Project object */;
			proxyType = 1;
			remoteGlobalIDString = BCCC3CA6250B73060065D7DE;
			remoteInfo = BaseMVVM;
		};
		BCCC3CC9250B73070065D7DE /* PBXContainerItemProxy */ = {
			isa = PBXContainerItemProxy;
			containerPortal = BCCC3C9F250B73060065D7DE /* Project object */;
			proxyType = 1;
			remoteGlobalIDString = BCCC3CA6250B73060065D7DE;
			remoteInfo = BaseMVVM;
		};
/* End PBXContainerItemProxy section */

/* Begin PBXFileReference section */
		16E7780F07A0C5C317D21554 /* Pods_BaseMVVMTests.framework */ = {isa = PBXFileReference; explicitFileType = wrapper.framework; includeInIndex = 0; path = Pods_BaseMVVMTests.framework; sourceTree = BUILT_PRODUCTS_DIR; };
		3A09297DAFF3CCD283434025 /* Pods-BaseMVVMTests.debug.xcconfig */ = {isa = PBXFileReference; includeInIndex = 1; lastKnownFileType = text.xcconfig; name = "Pods-BaseMVVMTests.debug.xcconfig"; path = "Target Support Files/Pods-BaseMVVMTests/Pods-BaseMVVMTests.debug.xcconfig"; sourceTree = "<group>"; };
		4759798C4B7FF8784EAF114E /* Pods-BaseMVVM.debug.xcconfig */ = {isa = PBXFileReference; includeInIndex = 1; lastKnownFileType = text.xcconfig; name = "Pods-BaseMVVM.debug.xcconfig"; path = "Target Support Files/Pods-BaseMVVM/Pods-BaseMVVM.debug.xcconfig"; sourceTree = "<group>"; };
		84005D906925C5BFE8FA7FB8 /* Pods_BaseMVVM.framework */ = {isa = PBXFileReference; explicitFileType = wrapper.framework; includeInIndex = 0; path = Pods_BaseMVVM.framework; sourceTree = BUILT_PRODUCTS_DIR; };
		887B81408C6839453C6B2578 /* Pods-BaseMVVMTests.release.xcconfig */ = {isa = PBXFileReference; includeInIndex = 1; lastKnownFileType = text.xcconfig; name = "Pods-BaseMVVMTests.release.xcconfig"; path = "Target Support Files/Pods-BaseMVVMTests/Pods-BaseMVVMTests.release.xcconfig"; sourceTree = "<group>"; };
		88C42C27BBE3B4DFF8A0001A /* Pods_BaseMVVM_BaseMVVMUITests.framework */ = {isa = PBXFileReference; explicitFileType = wrapper.framework; includeInIndex = 0; path = Pods_BaseMVVM_BaseMVVMUITests.framework; sourceTree = BUILT_PRODUCTS_DIR; };
		A62267B549BC31C911461099 /* Pods-BaseMVVM-BaseMVVMUITests.debug.xcconfig */ = {isa = PBXFileReference; includeInIndex = 1; lastKnownFileType = text.xcconfig; name = "Pods-BaseMVVM-BaseMVVMUITests.debug.xcconfig"; path = "Target Support Files/Pods-BaseMVVM-BaseMVVMUITests/Pods-BaseMVVM-BaseMVVMUITests.debug.xcconfig"; sourceTree = "<group>"; };
		BC308BEA263A6A000063C7BC /* UIImage+.swift */ = {isa = PBXFileReference; lastKnownFileType = sourcecode.swift; path = "UIImage+.swift"; sourceTree = "<group>"; };
		BC32CBD4264448E0003851A8 /* MovieDetailModel.swift */ = {isa = PBXFileReference; lastKnownFileType = sourcecode.swift; path = MovieDetailModel.swift; sourceTree = "<group>"; };
		BC32CBD926444BE1003851A8 /* MovieDetail.swift */ = {isa = PBXFileReference; lastKnownFileType = sourcecode.swift; path = MovieDetail.swift; sourceTree = "<group>"; };
		BC32CBDE26444BFB003851A8 /* MovieAttribute.swift */ = {isa = PBXFileReference; lastKnownFileType = sourcecode.swift; path = MovieAttribute.swift; sourceTree = "<group>"; };
		BC32CBE426444DF9003851A8 /* MovieDetailViewModel.swift */ = {isa = PBXFileReference; lastKnownFileType = sourcecode.swift; path = MovieDetailViewModel.swift; sourceTree = "<group>"; };
		BC32CBEA26445185003851A8 /* MovieDetailViewController.swift */ = {isa = PBXFileReference; lastKnownFileType = sourcecode.swift; path = MovieDetailViewController.swift; sourceTree = "<group>"; };
		BC32CBF3264451EB003851A8 /* MovieDetailFlowLayout.swift */ = {isa = PBXFileReference; lastKnownFileType = sourcecode.swift; path = MovieDetailFlowLayout.swift; sourceTree = "<group>"; };
		BC32CBF8264454DB003851A8 /* MovieAttributeCell.swift */ = {isa = PBXFileReference; lastKnownFileType = sourcecode.swift; path = MovieAttributeCell.swift; sourceTree = "<group>"; };
		BC70C2532625AB320070AE5C /* ProjectError.swift */ = {isa = PBXFileReference; lastKnownFileType = sourcecode.swift; path = ProjectError.swift; sourceTree = "<group>"; };
		BC70C2642625ACF70070AE5C /* Sequence+DomainMapping.swift */ = {isa = PBXFileReference; lastKnownFileType = sourcecode.swift; path = "Sequence+DomainMapping.swift"; sourceTree = "<group>"; };
		BC70C2692625AD4F0070AE5C /* Single+DomainMapping.swift */ = {isa = PBXFileReference; lastKnownFileType = sourcecode.swift; path = "Single+DomainMapping.swift"; sourceTree = "<group>"; };
		BC70C26E2625AE3C0070AE5C /* DomainErrorConvertible.swift */ = {isa = PBXFileReference; lastKnownFileType = sourcecode.swift; path = DomainErrorConvertible.swift; sourceTree = "<group>"; };
		BC70C2732625B44E0070AE5C /* ErrorTracker.swift */ = {isa = PBXFileReference; lastKnownFileType = sourcecode.swift; path = ErrorTracker.swift; sourceTree = "<group>"; };
		BC70C2872626CCF40070AE5C /* ErrorHandler.swift */ = {isa = PBXFileReference; lastKnownFileType = sourcecode.swift; path = ErrorHandler.swift; sourceTree = "<group>"; };
		BC70C28D2626D4E40070AE5C /* Rx+.swift */ = {isa = PBXFileReference; lastKnownFileType = sourcecode.swift; path = "Rx+.swift"; sourceTree = "<group>"; };
		BC70C2992626D8CD0070AE5C /* ActivityTracker.swift */ = {isa = PBXFileReference; lastKnownFileType = sourcecode.swift; path = ActivityTracker.swift; sourceTree = "<group>"; };
		BC7B11E6251608EA008D0E59 /* HomeViewController.swift */ = {isa = PBXFileReference; lastKnownFileType = sourcecode.swift; path = HomeViewController.swift; sourceTree = "<group>"; };
		BC7B122325160A3F008D0E59 /* View+.swift */ = {isa = PBXFileReference; lastKnownFileType = sourcecode.swift; path = "View+.swift"; sourceTree = "<group>"; };
		BC7B122B25160AE5008D0E59 /* ViewController+.swift */ = {isa = PBXFileReference; lastKnownFileType = sourcecode.swift; path = "ViewController+.swift"; sourceTree = "<group>"; };
		BCA1368526206B3800801770 /* Movie.swift */ = {isa = PBXFileReference; lastKnownFileType = sourcecode.swift; path = Movie.swift; sourceTree = "<group>"; };
		BCA1374A2621FA3500801770 /* Network.swift */ = {isa = PBXFileReference; lastKnownFileType = sourcecode.swift; path = Network.swift; sourceTree = "<group>"; };
		BCA137522621FA7F00801770 /* NetworkConfiguration.swift */ = {isa = PBXFileReference; lastKnownFileType = sourcecode.swift; path = NetworkConfiguration.swift; sourceTree = "<group>"; };
		BCA137572621FACA00801770 /* NetworkError.swift */ = {isa = PBXFileReference; lastKnownFileType = sourcecode.swift; path = NetworkError.swift; sourceTree = "<group>"; };
		BCA1375C2621FB3600801770 /* NetworkLogger.swift */ = {isa = PBXFileReference; lastKnownFileType = sourcecode.swift; path = NetworkLogger.swift; sourceTree = "<group>"; };
		BCA137622621FC6600801770 /* EndpointConvertible.swift */ = {isa = PBXFileReference; lastKnownFileType = sourcecode.swift; path = EndpointConvertible.swift; sourceTree = "<group>"; };
		BCA1376A2621FCA200801770 /* HTTPEncoder.swift */ = {isa = PBXFileReference; lastKnownFileType = sourcecode.swift; path = HTTPEncoder.swift; sourceTree = "<group>"; };
		BCA1376F2621FCD700801770 /* RequestConvertible.swift */ = {isa = PBXFileReference; lastKnownFileType = sourcecode.swift; path = RequestConvertible.swift; sourceTree = "<group>"; };
		BCA137752621FDEA00801770 /* Single+Validation.swift */ = {isa = PBXFileReference; lastKnownFileType = sourcecode.swift; path = "Single+Validation.swift"; sourceTree = "<group>"; };
		BCA1377D2621FE3E00801770 /* Single+Decodable.swift */ = {isa = PBXFileReference; lastKnownFileType = sourcecode.swift; path = "Single+Decodable.swift"; sourceTree = "<group>"; };
		BCA137822621FE7200801770 /* Single+Decodable+BaseResponse.swift */ = {isa = PBXFileReference; lastKnownFileType = sourcecode.swift; path = "Single+Decodable+BaseResponse.swift"; sourceTree = "<group>"; };
		BCA137872621FF0700801770 /* MovieModel.swift */ = {isa = PBXFileReference; fileEncoding = 4; lastKnownFileType = sourcecode.swift; path = MovieModel.swift; sourceTree = "<group>"; };
		BCA1378F2621FF9000801770 /* MovieAPIRouter.swift */ = {isa = PBXFileReference; lastKnownFileType = sourcecode.swift; path = MovieAPIRouter.swift; sourceTree = "<group>"; };
		BCA137A4262200BD00801770 /* MovieService.swift */ = {isa = PBXFileReference; lastKnownFileType = sourcecode.swift; path = MovieService.swift; sourceTree = "<group>"; };
		BCA137A9262201CF00801770 /* Configs.swift */ = {isa = PBXFileReference; lastKnownFileType = sourcecode.swift; path = Configs.swift; sourceTree = "<group>"; };
		BCA137FC2622A09200801770 /* Assembler+.swift */ = {isa = PBXFileReference; lastKnownFileType = sourcecode.swift; path = "Assembler+.swift"; sourceTree = "<group>"; };
		BCA138042622A10500801770 /* ServiceAssembly.swift */ = {isa = PBXFileReference; lastKnownFileType = sourcecode.swift; path = ServiceAssembly.swift; sourceTree = "<group>"; };
		BCA138112622AB0B00801770 /* AssemblerConfigs.swift */ = {isa = PBXFileReference; lastKnownFileType = sourcecode.swift; path = AssemblerConfigs.swift; sourceTree = "<group>"; };
		BCA138162622AD1500801770 /* Assembler+Service.swift */ = {isa = PBXFileReference; lastKnownFileType = sourcecode.swift; path = "Assembler+Service.swift"; sourceTree = "<group>"; };
		BCA1381B262346A000801770 /* ViewModelAssembly.swift */ = {isa = PBXFileReference; lastKnownFileType = sourcecode.swift; path = ViewModelAssembly.swift; sourceTree = "<group>"; };
		BCA13820262349B500801770 /* ViewControllerAssembly.swift */ = {isa = PBXFileReference; lastKnownFileType = sourcecode.swift; path = ViewControllerAssembly.swift; sourceTree = "<group>"; };
		BCA1382F2624067500801770 /* AppCoordinator.swift */ = {isa = PBXFileReference; lastKnownFileType = sourcecode.swift; path = AppCoordinator.swift; sourceTree = "<group>"; };
		BCA1383426241E8500801770 /* HomeCoordinator.swift */ = {isa = PBXFileReference; lastKnownFileType = sourcecode.swift; path = HomeCoordinator.swift; sourceTree = "<group>"; };
		BCA13847262422FA00801770 /* BaseViewModel.swift */ = {isa = PBXFileReference; lastKnownFileType = sourcecode.swift; path = BaseViewModel.swift; sourceTree = "<group>"; };
		BCA138502624453700801770 /* BaseViewController.swift */ = {isa = PBXFileReference; lastKnownFileType = sourcecode.swift; path = BaseViewController.swift; sourceTree = "<group>"; };
		BCA138592624490C00801770 /* ExtendApplication+Services.swift */ = {isa = PBXFileReference; lastKnownFileType = sourcecode.swift; path = "ExtendApplication+Services.swift"; sourceTree = "<group>"; };
		BCA1386426244A3A00801770 /* ExtendApplication.swift */ = {isa = PBXFileReference; lastKnownFileType = sourcecode.swift; path = ExtendApplication.swift; sourceTree = "<group>"; };
		BCA1386A26244AFF00801770 /* MovieInjectorType.swift */ = {isa = PBXFileReference; lastKnownFileType = sourcecode.swift; path = MovieInjectorType.swift; sourceTree = "<group>"; };
		BCB31DF32620140B0087B5A5 /* DomainConvertible.swift */ = {isa = PBXFileReference; lastKnownFileType = sourcecode.swift; path = DomainConvertible.swift; sourceTree = "<group>"; };
		BCB31E1726203BEA0087B5A5 /* HomeViewModel.swift */ = {isa = PBXFileReference; lastKnownFileType = sourcecode.swift; path = HomeViewModel.swift; sourceTree = "<group>"; };
		BCCC3CA7250B73060065D7DE /* BaseMVVM.app */ = {isa = PBXFileReference; explicitFileType = wrapper.application; includeInIndex = 0; path = BaseMVVM.app; sourceTree = BUILT_PRODUCTS_DIR; };
		BCCC3CAA250B73060065D7DE /* AppDelegate.swift */ = {isa = PBXFileReference; lastKnownFileType = sourcecode.swift; path = AppDelegate.swift; sourceTree = "<group>"; };
		BCCC3CB3250B73070065D7DE /* Assets.xcassets */ = {isa = PBXFileReference; lastKnownFileType = folder.assetcatalog; path = Assets.xcassets; sourceTree = "<group>"; };
		BCCC3CB6250B73070065D7DE /* Base */ = {isa = PBXFileReference; lastKnownFileType = file.storyboard; name = Base; path = Base.lproj/LaunchScreen.storyboard; sourceTree = "<group>"; };
		BCCC3CB8250B73070065D7DE /* Info.plist */ = {isa = PBXFileReference; lastKnownFileType = text.plist.xml; path = Info.plist; sourceTree = "<group>"; };
		BCCC3CBD250B73070065D7DE /* BaseMVVMTests.xctest */ = {isa = PBXFileReference; explicitFileType = wrapper.cfbundle; includeInIndex = 0; path = BaseMVVMTests.xctest; sourceTree = BUILT_PRODUCTS_DIR; };
		BCCC3CC1250B73070065D7DE /* BaseMVVMTests.swift */ = {isa = PBXFileReference; lastKnownFileType = sourcecode.swift; path = BaseMVVMTests.swift; sourceTree = "<group>"; };
		BCCC3CC3250B73070065D7DE /* Info.plist */ = {isa = PBXFileReference; lastKnownFileType = text.plist.xml; path = Info.plist; sourceTree = "<group>"; };
		BCCC3CC8250B73070065D7DE /* BaseMVVMUITests.xctest */ = {isa = PBXFileReference; explicitFileType = wrapper.cfbundle; includeInIndex = 0; path = BaseMVVMUITests.xctest; sourceTree = BUILT_PRODUCTS_DIR; };
		BCCC3CCC250B73070065D7DE /* BaseMVVMUITests.swift */ = {isa = PBXFileReference; lastKnownFileType = sourcecode.swift; path = BaseMVVMUITests.swift; sourceTree = "<group>"; };
		BCCC3CCE250B73070065D7DE /* Info.plist */ = {isa = PBXFileReference; lastKnownFileType = text.plist.xml; path = Info.plist; sourceTree = "<group>"; };
		BCCDDCB726453E4B002EE41B /* MyNavigationView.swift */ = {isa = PBXFileReference; lastKnownFileType = sourcecode.swift; path = MyNavigationView.swift; sourceTree = "<group>"; };
		BCCDDCC426453E98002EE41B /* BaseCustomView.swift */ = {isa = PBXFileReference; lastKnownFileType = sourcecode.swift; path = BaseCustomView.swift; sourceTree = "<group>"; };
		BCE1E6F826404932008774FA /* ReactiveCoordinator.swift */ = {isa = PBXFileReference; lastKnownFileType = sourcecode.swift; path = ReactiveCoordinator.swift; sourceTree = "<group>"; };
		BCE1E6FE26404F76008774FA /* BlockUseCase.swift */ = {isa = PBXFileReference; lastKnownFileType = sourcecode.swift; path = BlockUseCase.swift; sourceTree = "<group>"; };
		BCE1E7352640520D008774FA /* MovieUseCase.swift */ = {isa = PBXFileReference; lastKnownFileType = sourcecode.swift; path = MovieUseCase.swift; sourceTree = "<group>"; };
		BCE1E73A2640530B008774FA /* StarWarUserCase.swift */ = {isa = PBXFileReference; lastKnownFileType = sourcecode.swift; path = StarWarUserCase.swift; sourceTree = "<group>"; };
		BCE1E73F26405443008774FA /* UserCaseAssembly.swift */ = {isa = PBXFileReference; lastKnownFileType = sourcecode.swift; path = UserCaseAssembly.swift; sourceTree = "<group>"; };
		BCEA3A5D2644E97D0071842D /* OtherMovieSectionViewModel.swift */ = {isa = PBXFileReference; lastKnownFileType = sourcecode.swift; path = OtherMovieSectionViewModel.swift; sourceTree = "<group>"; };
		BCEA3A622644EA050071842D /* MovieDetailCoordinator.swift */ = {isa = PBXFileReference; lastKnownFileType = sourcecode.swift; path = MovieDetailCoordinator.swift; sourceTree = "<group>"; };
		BCFF2E4B2631643E00BD58DD /* StarWarAPIRouter.swift */ = {isa = PBXFileReference; lastKnownFileType = sourcecode.swift; path = StarWarAPIRouter.swift; sourceTree = "<group>"; };
		BCFF2E51263164F200BD58DD /* StarWarService.swift */ = {isa = PBXFileReference; lastKnownFileType = sourcecode.swift; path = StarWarService.swift; sourceTree = "<group>"; };
		BCFF2E5A2631655200BD58DD /* StarShipsModel.swift */ = {isa = PBXFileReference; lastKnownFileType = sourcecode.swift; path = StarShipsModel.swift; sourceTree = "<group>"; };
		BCFF2E622631658300BD58DD /* StarShipModel.swift */ = {isa = PBXFileReference; lastKnownFileType = sourcecode.swift; path = StarShipModel.swift; sourceTree = "<group>"; };
		BCFF2E672631691200BD58DD /* StarShip.swift */ = {isa = PBXFileReference; lastKnownFileType = sourcecode.swift; path = StarShip.swift; sourceTree = "<group>"; };
		BCFF2E6C26316CFB00BD58DD /* StarWarInjectorType.swift */ = {isa = PBXFileReference; lastKnownFileType = sourcecode.swift; path = StarWarInjectorType.swift; sourceTree = "<group>"; };
		BCFF2E7D26317B4900BD58DD /* MovieSectionViewModel.swift */ = {isa = PBXFileReference; lastKnownFileType = sourcecode.swift; path = MovieSectionViewModel.swift; sourceTree = "<group>"; };
		BCFF2E8226317C2E00BD58DD /* StarWarSectionViewModel.swift */ = {isa = PBXFileReference; lastKnownFileType = sourcecode.swift; path = StarWarSectionViewModel.swift; sourceTree = "<group>"; };
		BCFF2E8726317F0300BD58DD /* BaseCollectionViewCell.swift */ = {isa = PBXFileReference; lastKnownFileType = sourcecode.swift; path = BaseCollectionViewCell.swift; sourceTree = "<group>"; };
		BCFF2E9226317FA900BD58DD /* StarShipsSection.swift */ = {isa = PBXFileReference; lastKnownFileType = sourcecode.swift; path = StarShipsSection.swift; sourceTree = "<group>"; };
		BCFF2E9A26317FBB00BD58DD /* MoviesSection.swift */ = {isa = PBXFileReference; lastKnownFileType = sourcecode.swift; path = MoviesSection.swift; sourceTree = "<group>"; };
		BCFF2E9F2631814100BD58DD /* UIStackView+.swift */ = {isa = PBXFileReference; lastKnownFileType = sourcecode.swift; path = "UIStackView+.swift"; sourceTree = "<group>"; };
		BCFF2EB32631888D00BD58DD /* UIImageView+.swift */ = {isa = PBXFileReference; lastKnownFileType = sourcecode.swift; path = "UIImageView+.swift"; sourceTree = "<group>"; };
		BCFF2EC72631926500BD58DD /* NSObject+.swift */ = {isa = PBXFileReference; lastKnownFileType = sourcecode.swift; path = "NSObject+.swift"; sourceTree = "<group>"; };
		BCFF2ECD263272B600BD58DD /* CommonHorizontalFlowLayout.swift */ = {isa = PBXFileReference; lastKnownFileType = sourcecode.swift; path = CommonHorizontalFlowLayout.swift; sourceTree = "<group>"; };
		BCFF2ED22632779A00BD58DD /* HomeCollectionFlowLayout.swift */ = {isa = PBXFileReference; lastKnownFileType = sourcecode.swift; path = HomeCollectionFlowLayout.swift; sourceTree = "<group>"; };
		BCFF2ED8263277D600BD58DD /* Constant.swift */ = {isa = PBXFileReference; lastKnownFileType = sourcecode.swift; path = Constant.swift; sourceTree = "<group>"; };
		BCFF2EF22632AD7200BD58DD /* LeakFinder.swift */ = {isa = PBXFileReference; lastKnownFileType = sourcecode.swift; path = LeakFinder.swift; sourceTree = "<group>"; };
		D9A18B0AECF408B540EBFF13 /* Pods-BaseMVVM.release.xcconfig */ = {isa = PBXFileReference; includeInIndex = 1; lastKnownFileType = text.xcconfig; name = "Pods-BaseMVVM.release.xcconfig"; path = "Target Support Files/Pods-BaseMVVM/Pods-BaseMVVM.release.xcconfig"; sourceTree = "<group>"; };
		F73D9ABCE7A33E0E31A7BF5A /* Pods-BaseMVVM-BaseMVVMUITests.release.xcconfig */ = {isa = PBXFileReference; includeInIndex = 1; lastKnownFileType = text.xcconfig; name = "Pods-BaseMVVM-BaseMVVMUITests.release.xcconfig"; path = "Target Support Files/Pods-BaseMVVM-BaseMVVMUITests/Pods-BaseMVVM-BaseMVVMUITests.release.xcconfig"; sourceTree = "<group>"; };
/* End PBXFileReference section */

/* Begin PBXFrameworksBuildPhase section */
		BCCC3CA4250B73060065D7DE /* Frameworks */ = {
			isa = PBXFrameworksBuildPhase;
			buildActionMask = 2147483647;
			files = (
				247ACE4E53010912665FCEAC /* Pods_BaseMVVM.framework in Frameworks */,
			);
			runOnlyForDeploymentPostprocessing = 0;
		};
		BCCC3CBA250B73070065D7DE /* Frameworks */ = {
			isa = PBXFrameworksBuildPhase;
			buildActionMask = 2147483647;
			files = (
				6AF3BFA1C890ABF6A5042319 /* Pods_BaseMVVMTests.framework in Frameworks */,
			);
			runOnlyForDeploymentPostprocessing = 0;
		};
		BCCC3CC5250B73070065D7DE /* Frameworks */ = {
			isa = PBXFrameworksBuildPhase;
			buildActionMask = 2147483647;
			files = (
				6D9EF864FDCC2A24A253E02F /* Pods_BaseMVVM_BaseMVVMUITests.framework in Frameworks */,
			);
			runOnlyForDeploymentPostprocessing = 0;
		};
/* End PBXFrameworksBuildPhase section */

/* Begin PBXGroup section */
		BC32CBE926445166003851A8 /* MovieDetail */ = {
			isa = PBXGroup;
			children = (
				BCEA3A8226451EC20071842D /* Coordinator */,
				BCEA3A8126451EB50071842D /* Views */,
				BC32CBFD2644E4FE003851A8 /* ViewModels */,
			);
			path = MovieDetail;
			sourceTree = "<group>";
		};
		BC32CBF226445199003851A8 /* Cells */ = {
			isa = PBXGroup;
			children = (
				BC32CBF8264454DB003851A8 /* MovieAttributeCell.swift */,
			);
			path = Cells;
			sourceTree = "<group>";
		};
		BC32CBFD2644E4FE003851A8 /* ViewModels */ = {
			isa = PBXGroup;
			children = (
				BC32CBE426444DF9003851A8 /* MovieDetailViewModel.swift */,
			);
			path = ViewModels;
			sourceTree = "<group>";
		};
		BC32CBFE2644E506003851A8 /* ViewModels */ = {
			isa = PBXGroup;
			children = (
				BCFF2E7D26317B4900BD58DD /* MovieSectionViewModel.swift */,
				BCFF2E8226317C2E00BD58DD /* StarWarSectionViewModel.swift */,
				BCB31E1726203BEA0087B5A5 /* HomeViewModel.swift */,
				BCEA3A5D2644E97D0071842D /* OtherMovieSectionViewModel.swift */,
			);
			path = ViewModels;
			sourceTree = "<group>";
		};
		BC4B5A22263EC602005929CE /* UseCases */ = {
			isa = PBXGroup;
			children = (
				BCE1E6FD26404F28008774FA /* Home */,
			);
			path = UseCases;
			sourceTree = "<group>";
		};
		BC70C2522625AAE40070AE5C /* Validation */ = {
			isa = PBXGroup;
			children = (
				BC70C2532625AB320070AE5C /* ProjectError.swift */,
			);
			path = Validation;
			sourceTree = "<group>";
		};
		BC70C2852626CCDC0070AE5C /* Shared */ = {
			isa = PBXGroup;
			children = (
				BCFF2ED7263277CC00BD58DD /* Constant */,
				BC70C2862626CCE70070AE5C /* ErrorHanding */,
			);
			path = Shared;
			sourceTree = "<group>";
		};
		BC70C2862626CCE70070AE5C /* ErrorHanding */ = {
			isa = PBXGroup;
			children = (
				BC70C2872626CCF40070AE5C /* ErrorHandler.swift */,
			);
			path = ErrorHanding;
			sourceTree = "<group>";
		};
		BC70C28C2626D4CE0070AE5C /* Extensions */ = {
			isa = PBXGroup;
			children = (
				BC70C28D2626D4E40070AE5C /* Rx+.swift */,
			);
			path = Extensions;
			sourceTree = "<group>";
		};
		BC70C2952626D88F0070AE5C /* Utils */ = {
			isa = PBXGroup;
			children = (
				BC70C2732625B44E0070AE5C /* ErrorTracker.swift */,
				BC70C2992626D8CD0070AE5C /* ActivityTracker.swift */,
			);
			path = Utils;
			sourceTree = "<group>";
		};
		BC7B122125160A0D008D0E59 /* Helper */ = {
			isa = PBXGroup;
			children = (
				BC7B122225160A26008D0E59 /* Extensions */,
			);
			path = Helper;
			sourceTree = "<group>";
		};
		BC7B122225160A26008D0E59 /* Extensions */ = {
			isa = PBXGroup;
			children = (
				BC7B122325160A3F008D0E59 /* View+.swift */,
				BC7B122B25160AE5008D0E59 /* ViewController+.swift */,
				BCFF2E9F2631814100BD58DD /* UIStackView+.swift */,
				BCFF2EB32631888D00BD58DD /* UIImageView+.swift */,
				BCFF2EC72631926500BD58DD /* NSObject+.swift */,
				BC308BEA263A6A000063C7BC /* UIImage+.swift */,
			);
			path = Extensions;
			sourceTree = "<group>";
		};
		BCA137102621F95100801770 /* NetworkModule */ = {
			isa = PBXGroup;
			children = (
				BCA137972622006C00801770 /* Services */,
				BCA137112621F95100801770 /* APIRouters */,
				BCA137152621F95100801770 /* Shared */,
				BCA137222621F95100801770 /* Models */,
			);
			path = NetworkModule;
			sourceTree = "<group>";
		};
		BCA137112621F95100801770 /* APIRouters */ = {
			isa = PBXGroup;
			children = (
				BCFF2E4A2631641C00BD58DD /* StarWars */,
				BCA137142621F95100801770 /* Movies */,
			);
			path = APIRouters;
			sourceTree = "<group>";
		};
		BCA137142621F95100801770 /* Movies */ = {
			isa = PBXGroup;
			children = (
				BCA1378F2621FF9000801770 /* MovieAPIRouter.swift */,
			);
			path = Movies;
			sourceTree = "<group>";
		};
		BCA137152621F95100801770 /* Shared */ = {
			isa = PBXGroup;
			children = (
				BCA137742621FDA800801770 /* Converter */,
				BCA137612621FC1000801770 /* Extensions */,
				BCA137492621FA2400801770 /* Core */,
			);
			path = Shared;
			sourceTree = "<group>";
		};
		BCA137222621F95100801770 /* Models */ = {
			isa = PBXGroup;
			children = (
				BCFF2E592631654000BD58DD /* StarWar */,
				BCA137232621F95100801770 /* Movie */,
			);
			path = Models;
			sourceTree = "<group>";
		};
		BCA137232621F95100801770 /* Movie */ = {
			isa = PBXGroup;
			children = (
				BCA137872621FF0700801770 /* MovieModel.swift */,
				BC32CBD4264448E0003851A8 /* MovieDetailModel.swift */,
			);
			path = Movie;
			sourceTree = "<group>";
		};
		BCA137492621FA2400801770 /* Core */ = {
			isa = PBXGroup;
			children = (
				BCA1374A2621FA3500801770 /* Network.swift */,
				BCA137522621FA7F00801770 /* NetworkConfiguration.swift */,
				BCA137572621FACA00801770 /* NetworkError.swift */,
				BCA1375C2621FB3600801770 /* NetworkLogger.swift */,
				BCA137A9262201CF00801770 /* Configs.swift */,
			);
			path = Core;
			sourceTree = "<group>";
		};
		BCA137612621FC1000801770 /* Extensions */ = {
			isa = PBXGroup;
			children = (
				BCA137752621FDEA00801770 /* Single+Validation.swift */,
				BCA1377D2621FE3E00801770 /* Single+Decodable.swift */,
				BCA137822621FE7200801770 /* Single+Decodable+BaseResponse.swift */,
				BC70C2642625ACF70070AE5C /* Sequence+DomainMapping.swift */,
				BC70C2692625AD4F0070AE5C /* Single+DomainMapping.swift */,
			);
			path = Extensions;
			sourceTree = "<group>";
		};
		BCA137742621FDA800801770 /* Converter */ = {
			isa = PBXGroup;
			children = (
				BCA137622621FC6600801770 /* EndpointConvertible.swift */,
				BCA1376A2621FCA200801770 /* HTTPEncoder.swift */,
				BCA1376F2621FCD700801770 /* RequestConvertible.swift */,
			);
			path = Converter;
			sourceTree = "<group>";
		};
		BCA137972622006C00801770 /* Services */ = {
			isa = PBXGroup;
			children = (
				BCFF2E50263164DC00BD58DD /* StarWar */,
				BCA137982622008F00801770 /* Movie */,
			);
			path = Services;
			sourceTree = "<group>";
		};
		BCA137982622008F00801770 /* Movie */ = {
			isa = PBXGroup;
			children = (
				BCA137A4262200BD00801770 /* MovieService.swift */,
			);
			path = Movie;
			sourceTree = "<group>";
		};
		BCA137FA2622A06400801770 /* DI */ = {
			isa = PBXGroup;
			children = (
				BCA137FB2622A08000801770 /* Extensions */,
				BCA138042622A10500801770 /* ServiceAssembly.swift */,
				BCA1381B262346A000801770 /* ViewModelAssembly.swift */,
				BCA13820262349B500801770 /* ViewControllerAssembly.swift */,
				BCE1E73F26405443008774FA /* UserCaseAssembly.swift */,
			);
			path = DI;
			sourceTree = "<group>";
		};
		BCA137FB2622A08000801770 /* Extensions */ = {
			isa = PBXGroup;
			children = (
				BCA137FC2622A09200801770 /* Assembler+.swift */,
				BCA138112622AB0B00801770 /* AssemblerConfigs.swift */,
				BCA138162622AD1500801770 /* Assembler+Service.swift */,
			);
			path = Extensions;
			sourceTree = "<group>";
		};
		BCA1384F2624452B00801770 /* Base */ = {
			isa = PBXGroup;
			children = (
				BCE1E6F826404932008774FA /* ReactiveCoordinator.swift */,
				BCA13847262422FA00801770 /* BaseViewModel.swift */,
				BCA138502624453700801770 /* BaseViewController.swift */,
				BCFF2E8726317F0300BD58DD /* BaseCollectionViewCell.swift */,
				BCCDDCC426453E98002EE41B /* BaseCustomView.swift */,
			);
			path = Base;
			sourceTree = "<group>";
		};
		BCA13858262448ED00801770 /* Application */ = {
			isa = PBXGroup;
			children = (
				BCA138592624490C00801770 /* ExtendApplication+Services.swift */,
				BCA1386426244A3A00801770 /* ExtendApplication.swift */,
			);
			path = Application;
			sourceTree = "<group>";
		};
		BCA1386926244AE100801770 /* Injector */ = {
			isa = PBXGroup;
			children = (
				BCA1386A26244AFF00801770 /* MovieInjectorType.swift */,
				BCFF2E6C26316CFB00BD58DD /* StarWarInjectorType.swift */,
			);
			path = Injector;
			sourceTree = "<group>";
		};
		BCB31DDF2620128F0087B5A5 /* Domain */ = {
			isa = PBXGroup;
			children = (
				BC4B5A22263EC602005929CE /* UseCases */,
				BC70C28C2626D4CE0070AE5C /* Extensions */,
				BCA13858262448ED00801770 /* Application */,
				BCB31DF0262013E40087B5A5 /* Shared */,
				BCB31DE0262012A30087B5A5 /* Models */,
			);
			path = Domain;
			sourceTree = "<group>";
		};
		BCB31DE0262012A30087B5A5 /* Models */ = {
			isa = PBXGroup;
			children = (
				BCA1368526206B3800801770 /* Movie.swift */,
				BCFF2E672631691200BD58DD /* StarShip.swift */,
				BC32CBD926444BE1003851A8 /* MovieDetail.swift */,
				BC32CBDE26444BFB003851A8 /* MovieAttribute.swift */,
			);
			path = Models;
			sourceTree = "<group>";
		};
		BCB31DF0262013E40087B5A5 /* Shared */ = {
			isa = PBXGroup;
			children = (
				BC70C2952626D88F0070AE5C /* Utils */,
				BC70C2522625AAE40070AE5C /* Validation */,
				BCB31DF2262013F50087B5A5 /* Adapters */,
			);
			path = Shared;
			sourceTree = "<group>";
		};
		BCB31DF2262013F50087B5A5 /* Adapters */ = {
			isa = PBXGroup;
			children = (
				BCA1386926244AE100801770 /* Injector */,
				BCB31DF32620140B0087B5A5 /* DomainConvertible.swift */,
				BC70C26E2625AE3C0070AE5C /* DomainErrorConvertible.swift */,
			);
			path = Adapters;
			sourceTree = "<group>";
		};
		BCCC3C9E250B73060065D7DE = {
			isa = PBXGroup;
			children = (
				BCA137FA2622A06400801770 /* DI */,
				BCCC3CA9250B73060065D7DE /* BaseMVVM */,
				BCB31DDF2620128F0087B5A5 /* Domain */,
				BCA137102621F95100801770 /* NetworkModule */,
				BCCC3CC0250B73070065D7DE /* BaseMVVMTests */,
				BCCC3CCB250B73070065D7DE /* BaseMVVMUITests */,
				BCCC3CA8250B73060065D7DE /* Products */,
				CDEEB577C722CFED64075CC9 /* Pods */,
				D3BC7BA7147AAAB0CECA8A5B /* Frameworks */,
			);
			sourceTree = "<group>";
		};
		BCCC3CA8250B73060065D7DE /* Products */ = {
			isa = PBXGroup;
			children = (
				BCCC3CA7250B73060065D7DE /* BaseMVVM.app */,
				BCCC3CBD250B73070065D7DE /* BaseMVVMTests.xctest */,
				BCCC3CC8250B73070065D7DE /* BaseMVVMUITests.xctest */,
			);
			name = Products;
			sourceTree = "<group>";
		};
		BCCC3CA9250B73060065D7DE /* BaseMVVM */ = {
			isa = PBXGroup;
			children = (
				BCFF2EF12632AD5B00BD58DD /* Debuging */,
				BCCC3CDC250B73F20065D7DE /* Modules */,
				BC70C2852626CCDC0070AE5C /* Shared */,
				BC7B122125160A0D008D0E59 /* Helper */,
				BCCC3CDB250B73DC0065D7DE /* Application */,
				BCCC3CB3250B73070065D7DE /* Assets.xcassets */,
				BCCC3CB5250B73070065D7DE /* LaunchScreen.storyboard */,
				BCCC3CB8250B73070065D7DE /* Info.plist */,
			);
			path = BaseMVVM;
			sourceTree = "<group>";
		};
		BCCC3CC0250B73070065D7DE /* BaseMVVMTests */ = {
			isa = PBXGroup;
			children = (
				BCCC3CC1250B73070065D7DE /* BaseMVVMTests.swift */,
				BCCC3CC3250B73070065D7DE /* Info.plist */,
			);
			path = BaseMVVMTests;
			sourceTree = "<group>";
		};
		BCCC3CCB250B73070065D7DE /* BaseMVVMUITests */ = {
			isa = PBXGroup;
			children = (
				BCCC3CCC250B73070065D7DE /* BaseMVVMUITests.swift */,
				BCCC3CCE250B73070065D7DE /* Info.plist */,
			);
			path = BaseMVVMUITests;
			sourceTree = "<group>";
		};
		BCCC3CDB250B73DC0065D7DE /* Application */ = {
			isa = PBXGroup;
			children = (
				BCA1382F2624067500801770 /* AppCoordinator.swift */,
				BCCC3CAA250B73060065D7DE /* AppDelegate.swift */,
			);
			path = Application;
			sourceTree = "<group>";
		};
		BCCC3CDC250B73F20065D7DE /* Modules */ = {
			isa = PBXGroup;
			children = (
				BC32CBE926445166003851A8 /* MovieDetail */,
				BCCC3CDD250B73FB0065D7DE /* Home */,
				BCCDDCB626453E26002EE41B /* CommonView */,
				BCFF2ECC2632726000BD58DD /* FlowLayouts */,
				BCA1384F2624452B00801770 /* Base */,
			);
			path = Modules;
			sourceTree = "<group>";
		};
		BCCC3CDD250B73FB0065D7DE /* Home */ = {
			isa = PBXGroup;
			children = (
				BCEA3A8426451ED80071842D /* Coordinator */,
				BCEA3A8326451ED00071842D /* Views */,
				BC32CBFE2644E506003851A8 /* ViewModels */,
			);
			path = Home;
			sourceTree = "<group>";
		};
		BCCDDCB626453E26002EE41B /* CommonView */ = {
			isa = PBXGroup;
			children = (
				BCCDDCB726453E4B002EE41B /* MyNavigationView.swift */,
			);
			path = CommonView;
			sourceTree = "<group>";
		};
		BCE1E6FD26404F28008774FA /* Home */ = {
			isa = PBXGroup;
			children = (
				BCE1E6FE26404F76008774FA /* BlockUseCase.swift */,
				BCE1E7352640520D008774FA /* MovieUseCase.swift */,
				BCE1E73A2640530B008774FA /* StarWarUserCase.swift */,
			);
			path = Home;
			sourceTree = "<group>";
		};
		BCEA3A8126451EB50071842D /* Views */ = {
			isa = PBXGroup;
			children = (
				BC32CBF226445199003851A8 /* Cells */,
				BC32CBEA26445185003851A8 /* MovieDetailViewController.swift */,
				BC32CBF3264451EB003851A8 /* MovieDetailFlowLayout.swift */,
			);
			path = Views;
			sourceTree = "<group>";
		};
		BCEA3A8226451EC20071842D /* Coordinator */ = {
			isa = PBXGroup;
			children = (
				BCEA3A622644EA050071842D /* MovieDetailCoordinator.swift */,
			);
			path = Coordinator;
			sourceTree = "<group>";
		};
		BCEA3A8326451ED00071842D /* Views */ = {
			isa = PBXGroup;
			children = (
				BCFF2E8C26317F7200BD58DD /* Cells */,
				BC7B11E6251608EA008D0E59 /* HomeViewController.swift */,
				BCFF2ED22632779A00BD58DD /* HomeCollectionFlowLayout.swift */,
			);
			path = Views;
			sourceTree = "<group>";
		};
		BCEA3A8426451ED80071842D /* Coordinator */ = {
			isa = PBXGroup;
			children = (
				BCA1383426241E8500801770 /* HomeCoordinator.swift */,
			);
			path = Coordinator;
			sourceTree = "<group>";
		};
		BCFF2E4A2631641C00BD58DD /* StarWars */ = {
			isa = PBXGroup;
			children = (
				BCFF2E4B2631643E00BD58DD /* StarWarAPIRouter.swift */,
			);
			path = StarWars;
			sourceTree = "<group>";
		};
		BCFF2E50263164DC00BD58DD /* StarWar */ = {
			isa = PBXGroup;
			children = (
				BCFF2E51263164F200BD58DD /* StarWarService.swift */,
			);
			path = StarWar;
			sourceTree = "<group>";
		};
		BCFF2E592631654000BD58DD /* StarWar */ = {
			isa = PBXGroup;
			children = (
				BCFF2E5A2631655200BD58DD /* StarShipsModel.swift */,
				BCFF2E622631658300BD58DD /* StarShipModel.swift */,
			);
			path = StarWar;
			sourceTree = "<group>";
		};
		BCFF2E8C26317F7200BD58DD /* Cells */ = {
			isa = PBXGroup;
			children = (
				BCFF2E9226317FA900BD58DD /* StarShipsSection.swift */,
				BCFF2E9A26317FBB00BD58DD /* MoviesSection.swift */,
			);
			path = Cells;
			sourceTree = "<group>";
		};
		BCFF2ECC2632726000BD58DD /* FlowLayouts */ = {
			isa = PBXGroup;
			children = (
				BCFF2ECD263272B600BD58DD /* CommonHorizontalFlowLayout.swift */,
			);
			path = FlowLayouts;
			sourceTree = "<group>";
		};
		BCFF2ED7263277CC00BD58DD /* Constant */ = {
			isa = PBXGroup;
			children = (
				BCFF2ED8263277D600BD58DD /* Constant.swift */,
			);
			path = Constant;
			sourceTree = "<group>";
		};
		BCFF2EF12632AD5B00BD58DD /* Debuging */ = {
			isa = PBXGroup;
			children = (
				BCFF2EF22632AD7200BD58DD /* LeakFinder.swift */,
			);
			path = Debuging;
			sourceTree = "<group>";
		};
		CDEEB577C722CFED64075CC9 /* Pods */ = {
			isa = PBXGroup;
			children = (
				4759798C4B7FF8784EAF114E /* Pods-BaseMVVM.debug.xcconfig */,
				D9A18B0AECF408B540EBFF13 /* Pods-BaseMVVM.release.xcconfig */,
				A62267B549BC31C911461099 /* Pods-BaseMVVM-BaseMVVMUITests.debug.xcconfig */,
				F73D9ABCE7A33E0E31A7BF5A /* Pods-BaseMVVM-BaseMVVMUITests.release.xcconfig */,
				3A09297DAFF3CCD283434025 /* Pods-BaseMVVMTests.debug.xcconfig */,
				887B81408C6839453C6B2578 /* Pods-BaseMVVMTests.release.xcconfig */,
			);
			path = Pods;
			sourceTree = "<group>";
		};
		D3BC7BA7147AAAB0CECA8A5B /* Frameworks */ = {
			isa = PBXGroup;
			children = (
				84005D906925C5BFE8FA7FB8 /* Pods_BaseMVVM.framework */,
				88C42C27BBE3B4DFF8A0001A /* Pods_BaseMVVM_BaseMVVMUITests.framework */,
				16E7780F07A0C5C317D21554 /* Pods_BaseMVVMTests.framework */,
			);
			name = Frameworks;
			sourceTree = "<group>";
		};
/* End PBXGroup section */

/* Begin PBXNativeTarget section */
		BCCC3CA6250B73060065D7DE /* BaseMVVM */ = {
			isa = PBXNativeTarget;
			buildConfigurationList = BCCC3CD1250B73070065D7DE /* Build configuration list for PBXNativeTarget "BaseMVVM" */;
			buildPhases = (
				6A03084D940A9E2D291C02F1 /* [CP] Check Pods Manifest.lock */,
				BCCC3CA3250B73060065D7DE /* Sources */,
				BCCC3CA4250B73060065D7DE /* Frameworks */,
				BCCC3CA5250B73060065D7DE /* Resources */,
				AC2A0E1758AB51FE8F97BD50 /* [CP] Embed Pods Frameworks */,
			);
			buildRules = (
			);
			dependencies = (
			);
			name = BaseMVVM;
			productName = BaseMVVM;
			productReference = BCCC3CA7250B73060065D7DE /* BaseMVVM.app */;
			productType = "com.apple.product-type.application";
		};
		BCCC3CBC250B73070065D7DE /* BaseMVVMTests */ = {
			isa = PBXNativeTarget;
			buildConfigurationList = BCCC3CD4250B73070065D7DE /* Build configuration list for PBXNativeTarget "BaseMVVMTests" */;
			buildPhases = (
				F18A790869FBA5A673D2BDC7 /* [CP] Check Pods Manifest.lock */,
				BCCC3CB9250B73070065D7DE /* Sources */,
				BCCC3CBA250B73070065D7DE /* Frameworks */,
				BCCC3CBB250B73070065D7DE /* Resources */,
			);
			buildRules = (
			);
			dependencies = (
				BCCC3CBF250B73070065D7DE /* PBXTargetDependency */,
			);
			name = BaseMVVMTests;
			productName = BaseMVVMTests;
			productReference = BCCC3CBD250B73070065D7DE /* BaseMVVMTests.xctest */;
			productType = "com.apple.product-type.bundle.unit-test";
		};
		BCCC3CC7250B73070065D7DE /* BaseMVVMUITests */ = {
			isa = PBXNativeTarget;
			buildConfigurationList = BCCC3CD7250B73070065D7DE /* Build configuration list for PBXNativeTarget "BaseMVVMUITests" */;
			buildPhases = (
				3F2C5B80E26DEB8E9D1029C3 /* [CP] Check Pods Manifest.lock */,
				BCCC3CC4250B73070065D7DE /* Sources */,
				BCCC3CC5250B73070065D7DE /* Frameworks */,
				BCCC3CC6250B73070065D7DE /* Resources */,
				9D7E25E5C3242F75DF7007BF /* [CP] Embed Pods Frameworks */,
			);
			buildRules = (
			);
			dependencies = (
				BCCC3CCA250B73070065D7DE /* PBXTargetDependency */,
			);
			name = BaseMVVMUITests;
			productName = BaseMVVMUITests;
			productReference = BCCC3CC8250B73070065D7DE /* BaseMVVMUITests.xctest */;
			productType = "com.apple.product-type.bundle.ui-testing";
		};
/* End PBXNativeTarget section */

/* Begin PBXProject section */
		BCCC3C9F250B73060065D7DE /* Project object */ = {
			isa = PBXProject;
			attributes = {
				LastSwiftUpdateCheck = 1170;
				LastUpgradeCheck = 1170;
				ORGANIZATIONNAME = TonyHoang;
				TargetAttributes = {
					BCCC3CA6250B73060065D7DE = {
						CreatedOnToolsVersion = 11.7;
					};
					BCCC3CBC250B73070065D7DE = {
						CreatedOnToolsVersion = 11.7;
						TestTargetID = BCCC3CA6250B73060065D7DE;
					};
					BCCC3CC7250B73070065D7DE = {
						CreatedOnToolsVersion = 11.7;
						TestTargetID = BCCC3CA6250B73060065D7DE;
					};
				};
			};
			buildConfigurationList = BCCC3CA2250B73060065D7DE /* Build configuration list for PBXProject "BaseMVVM" */;
			compatibilityVersion = "Xcode 9.3";
			developmentRegion = en;
			hasScannedForEncodings = 0;
			knownRegions = (
				en,
				Base,
				vi,
			);
			mainGroup = BCCC3C9E250B73060065D7DE;
			productRefGroup = BCCC3CA8250B73060065D7DE /* Products */;
			projectDirPath = "";
			projectRoot = "";
			targets = (
				BCCC3CA6250B73060065D7DE /* BaseMVVM */,
				BCCC3CBC250B73070065D7DE /* BaseMVVMTests */,
				BCCC3CC7250B73070065D7DE /* BaseMVVMUITests */,
			);
		};
/* End PBXProject section */

/* Begin PBXResourcesBuildPhase section */
		BCCC3CA5250B73060065D7DE /* Resources */ = {
			isa = PBXResourcesBuildPhase;
			buildActionMask = 2147483647;
			files = (
				BCCC3CB7250B73070065D7DE /* LaunchScreen.storyboard in Resources */,
				BCCC3CB4250B73070065D7DE /* Assets.xcassets in Resources */,
			);
			runOnlyForDeploymentPostprocessing = 0;
		};
		BCCC3CBB250B73070065D7DE /* Resources */ = {
			isa = PBXResourcesBuildPhase;
			buildActionMask = 2147483647;
			files = (
			);
			runOnlyForDeploymentPostprocessing = 0;
		};
		BCCC3CC6250B73070065D7DE /* Resources */ = {
			isa = PBXResourcesBuildPhase;
			buildActionMask = 2147483647;
			files = (
			);
			runOnlyForDeploymentPostprocessing = 0;
		};
/* End PBXResourcesBuildPhase section */

/* Begin PBXShellScriptBuildPhase section */
		3F2C5B80E26DEB8E9D1029C3 /* [CP] Check Pods Manifest.lock */ = {
			isa = PBXShellScriptBuildPhase;
			buildActionMask = 2147483647;
			files = (
			);
			inputFileListPaths = (
			);
			inputPaths = (
				"${PODS_PODFILE_DIR_PATH}/Podfile.lock",
				"${PODS_ROOT}/Manifest.lock",
			);
			name = "[CP] Check Pods Manifest.lock";
			outputFileListPaths = (
			);
			outputPaths = (
				"$(DERIVED_FILE_DIR)/Pods-BaseMVVM-BaseMVVMUITests-checkManifestLockResult.txt",
			);
			runOnlyForDeploymentPostprocessing = 0;
			shellPath = /bin/sh;
			shellScript = "diff \"${PODS_PODFILE_DIR_PATH}/Podfile.lock\" \"${PODS_ROOT}/Manifest.lock\" > /dev/null\nif [ $? != 0 ] ; then\n    # print error to STDERR\n    echo \"error: The sandbox is not in sync with the Podfile.lock. Run 'pod install' or update your CocoaPods installation.\" >&2\n    exit 1\nfi\n# This output is used by Xcode 'outputs' to avoid re-running this script phase.\necho \"SUCCESS\" > \"${SCRIPT_OUTPUT_FILE_0}\"\n";
			showEnvVarsInLog = 0;
		};
		6A03084D940A9E2D291C02F1 /* [CP] Check Pods Manifest.lock */ = {
			isa = PBXShellScriptBuildPhase;
			buildActionMask = 2147483647;
			files = (
			);
			inputFileListPaths = (
			);
			inputPaths = (
				"${PODS_PODFILE_DIR_PATH}/Podfile.lock",
				"${PODS_ROOT}/Manifest.lock",
			);
			name = "[CP] Check Pods Manifest.lock";
			outputFileListPaths = (
			);
			outputPaths = (
				"$(DERIVED_FILE_DIR)/Pods-BaseMVVM-checkManifestLockResult.txt",
			);
			runOnlyForDeploymentPostprocessing = 0;
			shellPath = /bin/sh;
			shellScript = "diff \"${PODS_PODFILE_DIR_PATH}/Podfile.lock\" \"${PODS_ROOT}/Manifest.lock\" > /dev/null\nif [ $? != 0 ] ; then\n    # print error to STDERR\n    echo \"error: The sandbox is not in sync with the Podfile.lock. Run 'pod install' or update your CocoaPods installation.\" >&2\n    exit 1\nfi\n# This output is used by Xcode 'outputs' to avoid re-running this script phase.\necho \"SUCCESS\" > \"${SCRIPT_OUTPUT_FILE_0}\"\n";
			showEnvVarsInLog = 0;
		};
		9D7E25E5C3242F75DF7007BF /* [CP] Embed Pods Frameworks */ = {
			isa = PBXShellScriptBuildPhase;
			buildActionMask = 2147483647;
			files = (
			);
			inputFileListPaths = (
				"${PODS_ROOT}/Target Support Files/Pods-BaseMVVM-BaseMVVMUITests/Pods-BaseMVVM-BaseMVVMUITests-frameworks-${CONFIGURATION}-input-files.xcfilelist",
			);
			name = "[CP] Embed Pods Frameworks";
			outputFileListPaths = (
				"${PODS_ROOT}/Target Support Files/Pods-BaseMVVM-BaseMVVMUITests/Pods-BaseMVVM-BaseMVVMUITests-frameworks-${CONFIGURATION}-output-files.xcfilelist",
			);
			runOnlyForDeploymentPostprocessing = 0;
			shellPath = /bin/sh;
			shellScript = "\"${PODS_ROOT}/Target Support Files/Pods-BaseMVVM-BaseMVVMUITests/Pods-BaseMVVM-BaseMVVMUITests-frameworks.sh\"\n";
			showEnvVarsInLog = 0;
		};
		AC2A0E1758AB51FE8F97BD50 /* [CP] Embed Pods Frameworks */ = {
			isa = PBXShellScriptBuildPhase;
			buildActionMask = 2147483647;
			files = (
			);
			inputFileListPaths = (
				"${PODS_ROOT}/Target Support Files/Pods-BaseMVVM/Pods-BaseMVVM-frameworks-${CONFIGURATION}-input-files.xcfilelist",
			);
			name = "[CP] Embed Pods Frameworks";
			outputFileListPaths = (
				"${PODS_ROOT}/Target Support Files/Pods-BaseMVVM/Pods-BaseMVVM-frameworks-${CONFIGURATION}-output-files.xcfilelist",
			);
			runOnlyForDeploymentPostprocessing = 0;
			shellPath = /bin/sh;
			shellScript = "\"${PODS_ROOT}/Target Support Files/Pods-BaseMVVM/Pods-BaseMVVM-frameworks.sh\"\n";
			showEnvVarsInLog = 0;
		};
		F18A790869FBA5A673D2BDC7 /* [CP] Check Pods Manifest.lock */ = {
			isa = PBXShellScriptBuildPhase;
			buildActionMask = 2147483647;
			files = (
			);
			inputFileListPaths = (
			);
			inputPaths = (
				"${PODS_PODFILE_DIR_PATH}/Podfile.lock",
				"${PODS_ROOT}/Manifest.lock",
			);
			name = "[CP] Check Pods Manifest.lock";
			outputFileListPaths = (
			);
			outputPaths = (
				"$(DERIVED_FILE_DIR)/Pods-BaseMVVMTests-checkManifestLockResult.txt",
			);
			runOnlyForDeploymentPostprocessing = 0;
			shellPath = /bin/sh;
			shellScript = "diff \"${PODS_PODFILE_DIR_PATH}/Podfile.lock\" \"${PODS_ROOT}/Manifest.lock\" > /dev/null\nif [ $? != 0 ] ; then\n    # print error to STDERR\n    echo \"error: The sandbox is not in sync with the Podfile.lock. Run 'pod install' or update your CocoaPods installation.\" >&2\n    exit 1\nfi\n# This output is used by Xcode 'outputs' to avoid re-running this script phase.\necho \"SUCCESS\" > \"${SCRIPT_OUTPUT_FILE_0}\"\n";
			showEnvVarsInLog = 0;
		};
/* End PBXShellScriptBuildPhase section */

/* Begin PBXSourcesBuildPhase section */
		BCCC3CA3250B73060065D7DE /* Sources */ = {
			isa = PBXSourcesBuildPhase;
			buildActionMask = 2147483647;
			files = (
				BCA1386B26244AFF00801770 /* MovieInjectorType.swift in Sources */,
				BC70C2542625AB320070AE5C /* ProjectError.swift in Sources */,
				BCA138122622AB0B00801770 /* AssemblerConfigs.swift in Sources */,
				BCA137882621FF0700801770 /* MovieModel.swift in Sources */,
				BCA13821262349B500801770 /* ViewControllerAssembly.swift in Sources */,
				BCA1381C262346A000801770 /* ViewModelAssembly.swift in Sources */,
				BCA1375D2621FB3600801770 /* NetworkLogger.swift in Sources */,
				BCFF2E682631691200BD58DD /* StarShip.swift in Sources */,
				BCE1E74026405443008774FA /* UserCaseAssembly.swift in Sources */,
				BCA138052622A10500801770 /* ServiceAssembly.swift in Sources */,
				BCB31DF42620140B0087B5A5 /* DomainConvertible.swift in Sources */,
				BCA137A5262200BD00801770 /* MovieService.swift in Sources */,
				BCE1E6F926404932008774FA /* ReactiveCoordinator.swift in Sources */,
				BCA138302624067500801770 /* AppCoordinator.swift in Sources */,
				BC32CBDF26444BFB003851A8 /* MovieAttribute.swift in Sources */,
				BCCC3CAB250B73060065D7DE /* AppDelegate.swift in Sources */,
				BC32CBEB26445185003851A8 /* MovieDetailViewController.swift in Sources */,
				BCFF2EC82631926500BD58DD /* NSObject+.swift in Sources */,
				BCCDDCB826453E4B002EE41B /* MyNavigationView.swift in Sources */,
				BCB31E1826203BEA0087B5A5 /* HomeViewModel.swift in Sources */,
				BCA1374B2621FA3500801770 /* Network.swift in Sources */,
				BCE1E73B2640530B008774FA /* StarWarUserCase.swift in Sources */,
				BCA138512624453700801770 /* BaseViewController.swift in Sources */,
				BC70C2652625ACF70070AE5C /* Sequence+DomainMapping.swift in Sources */,
				BCA13848262422FA00801770 /* BaseViewModel.swift in Sources */,
				BCA137902621FF9000801770 /* MovieAPIRouter.swift in Sources */,
				BC32CBF9264454DB003851A8 /* MovieAttributeCell.swift in Sources */,
				BCEA3A5E2644E97D0071842D /* OtherMovieSectionViewModel.swift in Sources */,
				BC70C2742625B44E0070AE5C /* ErrorTracker.swift in Sources */,
				BCE1E7362640520D008774FA /* MovieUseCase.swift in Sources */,
				BC32CBE526444DF9003851A8 /* MovieDetailViewModel.swift in Sources */,
				BCA1368626206B3800801770 /* Movie.swift in Sources */,
				BC7B122425160A3F008D0E59 /* View+.swift in Sources */,
				BCA1385A2624490C00801770 /* ExtendApplication+Services.swift in Sources */,
				BCFF2ED32632779A00BD58DD /* HomeCollectionFlowLayout.swift in Sources */,
				BCCDDCC526453E98002EE41B /* BaseCustomView.swift in Sources */,
				BCFF2E6D26316CFB00BD58DD /* StarWarInjectorType.swift in Sources */,
				BC308BEB263A6A000063C7BC /* UIImage+.swift in Sources */,
				BC32CBDA26444BE1003851A8 /* MovieDetail.swift in Sources */,
				BCA137FD2622A09200801770 /* Assembler+.swift in Sources */,
				BCA1383526241E8500801770 /* HomeCoordinator.swift in Sources */,
				BCFF2E9326317FA900BD58DD /* StarShipsSection.swift in Sources */,
				BC70C28E2626D4E40070AE5C /* Rx+.swift in Sources */,
				BC32CBF4264451EB003851A8 /* MovieDetailFlowLayout.swift in Sources */,
				BC70C29A2626D8CD0070AE5C /* ActivityTracker.swift in Sources */,
				BCFF2EA02631814100BD58DD /* UIStackView+.swift in Sources */,
				BCA138172622AD1500801770 /* Assembler+Service.swift in Sources */,
				BCA137762621FDEA00801770 /* Single+Validation.swift in Sources */,
				BC70C26A2625AD4F0070AE5C /* Single+DomainMapping.swift in Sources */,
				BCA137832621FE7200801770 /* Single+Decodable+BaseResponse.swift in Sources */,
				BC70C26F2625AE3C0070AE5C /* DomainErrorConvertible.swift in Sources */,
				BCFF2E52263164F200BD58DD /* StarWarService.swift in Sources */,
				BC7B122C25160AE5008D0E59 /* ViewController+.swift in Sources */,
				BCA137582621FACA00801770 /* NetworkError.swift in Sources */,
				BCFF2ECE263272B600BD58DD /* CommonHorizontalFlowLayout.swift in Sources */,
				BCFF2E8826317F0300BD58DD /* BaseCollectionViewCell.swift in Sources */,
				BCFF2E632631658300BD58DD /* StarShipModel.swift in Sources */,
				BCFF2EF32632AD7200BD58DD /* LeakFinder.swift in Sources */,
				BCFF2E8326317C2E00BD58DD /* StarWarSectionViewModel.swift in Sources */,
				BCA137AA262201CF00801770 /* Configs.swift in Sources */,
				BCA1377E2621FE3E00801770 /* Single+Decodable.swift in Sources */,
				BCFF2ED9263277D600BD58DD /* Constant.swift in Sources */,
				BCFF2EB42631888D00BD58DD /* UIImageView+.swift in Sources */,
				BCFF2E4C2631643E00BD58DD /* StarWarAPIRouter.swift in Sources */,
				BCFF2E7E26317B4900BD58DD /* MovieSectionViewModel.swift in Sources */,
				BCE1E6FF26404F76008774FA /* BlockUseCase.swift in Sources */,
				BC70C2882626CCF40070AE5C /* ErrorHandler.swift in Sources */,
				BCA1386526244A3A00801770 /* ExtendApplication.swift in Sources */,
				BCA137702621FCD700801770 /* RequestConvertible.swift in Sources */,
				BCFF2E9B26317FBB00BD58DD /* MoviesSection.swift in Sources */,
				BCA1376B2621FCA200801770 /* HTTPEncoder.swift in Sources */,
				BCEA3A632644EA050071842D /* MovieDetailCoordinator.swift in Sources */,
				BCA137632621FC6600801770 /* EndpointConvertible.swift in Sources */,
				BC32CBD5264448E0003851A8 /* MovieDetailModel.swift in Sources */,
				BCFF2E5B2631655200BD58DD /* StarShipsModel.swift in Sources */,
				BC7B11E7251608EA008D0E59 /* HomeViewController.swift in Sources */,
				BCA137532621FA7F00801770 /* NetworkConfiguration.swift in Sources */,
			);
			runOnlyForDeploymentPostprocessing = 0;
		};
		BCCC3CB9250B73070065D7DE /* Sources */ = {
			isa = PBXSourcesBuildPhase;
			buildActionMask = 2147483647;
			files = (
				BCCC3CC2250B73070065D7DE /* BaseMVVMTests.swift in Sources */,
			);
			runOnlyForDeploymentPostprocessing = 0;
		};
		BCCC3CC4250B73070065D7DE /* Sources */ = {
			isa = PBXSourcesBuildPhase;
			buildActionMask = 2147483647;
			files = (
				BCCC3CCD250B73070065D7DE /* BaseMVVMUITests.swift in Sources */,
			);
			runOnlyForDeploymentPostprocessing = 0;
		};
/* End PBXSourcesBuildPhase section */

/* Begin PBXTargetDependency section */
		BCCC3CBF250B73070065D7DE /* PBXTargetDependency */ = {
			isa = PBXTargetDependency;
			target = BCCC3CA6250B73060065D7DE /* BaseMVVM */;
			targetProxy = BCCC3CBE250B73070065D7DE /* PBXContainerItemProxy */;
		};
		BCCC3CCA250B73070065D7DE /* PBXTargetDependency */ = {
			isa = PBXTargetDependency;
			target = BCCC3CA6250B73060065D7DE /* BaseMVVM */;
			targetProxy = BCCC3CC9250B73070065D7DE /* PBXContainerItemProxy */;
		};
/* End PBXTargetDependency section */

/* Begin PBXVariantGroup section */
		BCCC3CB5250B73070065D7DE /* LaunchScreen.storyboard */ = {
			isa = PBXVariantGroup;
			children = (
				BCCC3CB6250B73070065D7DE /* Base */,
			);
			name = LaunchScreen.storyboard;
			sourceTree = "<group>";
		};
/* End PBXVariantGroup section */

/* Begin XCBuildConfiguration section */
		BCCC3CCF250B73070065D7DE /* Debug */ = {
			isa = XCBuildConfiguration;
			buildSettings = {
				ALWAYS_SEARCH_USER_PATHS = NO;
				CLANG_ANALYZER_NONNULL = YES;
				CLANG_ANALYZER_NUMBER_OBJECT_CONVERSION = YES_AGGRESSIVE;
				CLANG_CXX_LANGUAGE_STANDARD = "gnu++14";
				CLANG_CXX_LIBRARY = "libc++";
				CLANG_ENABLE_MODULES = YES;
				CLANG_ENABLE_OBJC_ARC = YES;
				CLANG_ENABLE_OBJC_WEAK = YES;
				CLANG_WARN_BLOCK_CAPTURE_AUTORELEASING = YES;
				CLANG_WARN_BOOL_CONVERSION = YES;
				CLANG_WARN_COMMA = YES;
				CLANG_WARN_CONSTANT_CONVERSION = YES;
				CLANG_WARN_DEPRECATED_OBJC_IMPLEMENTATIONS = YES;
				CLANG_WARN_DIRECT_OBJC_ISA_USAGE = YES_ERROR;
				CLANG_WARN_DOCUMENTATION_COMMENTS = YES;
				CLANG_WARN_EMPTY_BODY = YES;
				CLANG_WARN_ENUM_CONVERSION = YES;
				CLANG_WARN_INFINITE_RECURSION = YES;
				CLANG_WARN_INT_CONVERSION = YES;
				CLANG_WARN_NON_LITERAL_NULL_CONVERSION = YES;
				CLANG_WARN_OBJC_IMPLICIT_RETAIN_SELF = YES;
				CLANG_WARN_OBJC_LITERAL_CONVERSION = YES;
				CLANG_WARN_OBJC_ROOT_CLASS = YES_ERROR;
				CLANG_WARN_RANGE_LOOP_ANALYSIS = YES;
				CLANG_WARN_STRICT_PROTOTYPES = YES;
				CLANG_WARN_SUSPICIOUS_MOVE = YES;
				CLANG_WARN_UNGUARDED_AVAILABILITY = YES_AGGRESSIVE;
				CLANG_WARN_UNREACHABLE_CODE = YES;
				CLANG_WARN__DUPLICATE_METHOD_MATCH = YES;
				COPY_PHASE_STRIP = NO;
				DEBUG_INFORMATION_FORMAT = dwarf;
				ENABLE_STRICT_OBJC_MSGSEND = YES;
				ENABLE_TESTABILITY = YES;
				GCC_C_LANGUAGE_STANDARD = gnu11;
				GCC_DYNAMIC_NO_PIC = NO;
				GCC_NO_COMMON_BLOCKS = YES;
				GCC_OPTIMIZATION_LEVEL = 0;
				GCC_PREPROCESSOR_DEFINITIONS = (
					"DEBUG=1",
					"$(inherited)",
				);
				GCC_WARN_64_TO_32_BIT_CONVERSION = YES;
				GCC_WARN_ABOUT_RETURN_TYPE = YES_ERROR;
				GCC_WARN_UNDECLARED_SELECTOR = YES;
				GCC_WARN_UNINITIALIZED_AUTOS = YES_AGGRESSIVE;
				GCC_WARN_UNUSED_FUNCTION = YES;
				GCC_WARN_UNUSED_VARIABLE = YES;
				IPHONEOS_DEPLOYMENT_TARGET = 13.7;
				MTL_ENABLE_DEBUG_INFO = INCLUDE_SOURCE;
				MTL_FAST_MATH = YES;
				ONLY_ACTIVE_ARCH = YES;
				SDKROOT = iphoneos;
				SWIFT_ACTIVE_COMPILATION_CONDITIONS = DEBUG;
				SWIFT_OPTIMIZATION_LEVEL = "-Onone";
			};
			name = Debug;
		};
		BCCC3CD0250B73070065D7DE /* Release */ = {
			isa = XCBuildConfiguration;
			buildSettings = {
				ALWAYS_SEARCH_USER_PATHS = NO;
				CLANG_ANALYZER_NONNULL = YES;
				CLANG_ANALYZER_NUMBER_OBJECT_CONVERSION = YES_AGGRESSIVE;
				CLANG_CXX_LANGUAGE_STANDARD = "gnu++14";
				CLANG_CXX_LIBRARY = "libc++";
				CLANG_ENABLE_MODULES = YES;
				CLANG_ENABLE_OBJC_ARC = YES;
				CLANG_ENABLE_OBJC_WEAK = YES;
				CLANG_WARN_BLOCK_CAPTURE_AUTORELEASING = YES;
				CLANG_WARN_BOOL_CONVERSION = YES;
				CLANG_WARN_COMMA = YES;
				CLANG_WARN_CONSTANT_CONVERSION = YES;
				CLANG_WARN_DEPRECATED_OBJC_IMPLEMENTATIONS = YES;
				CLANG_WARN_DIRECT_OBJC_ISA_USAGE = YES_ERROR;
				CLANG_WARN_DOCUMENTATION_COMMENTS = YES;
				CLANG_WARN_EMPTY_BODY = YES;
				CLANG_WARN_ENUM_CONVERSION = YES;
				CLANG_WARN_INFINITE_RECURSION = YES;
				CLANG_WARN_INT_CONVERSION = YES;
				CLANG_WARN_NON_LITERAL_NULL_CONVERSION = YES;
				CLANG_WARN_OBJC_IMPLICIT_RETAIN_SELF = YES;
				CLANG_WARN_OBJC_LITERAL_CONVERSION = YES;
				CLANG_WARN_OBJC_ROOT_CLASS = YES_ERROR;
				CLANG_WARN_RANGE_LOOP_ANALYSIS = YES;
				CLANG_WARN_STRICT_PROTOTYPES = YES;
				CLANG_WARN_SUSPICIOUS_MOVE = YES;
				CLANG_WARN_UNGUARDED_AVAILABILITY = YES_AGGRESSIVE;
				CLANG_WARN_UNREACHABLE_CODE = YES;
				CLANG_WARN__DUPLICATE_METHOD_MATCH = YES;
				COPY_PHASE_STRIP = NO;
				DEBUG_INFORMATION_FORMAT = "dwarf-with-dsym";
				ENABLE_NS_ASSERTIONS = NO;
				ENABLE_STRICT_OBJC_MSGSEND = YES;
				GCC_C_LANGUAGE_STANDARD = gnu11;
				GCC_NO_COMMON_BLOCKS = YES;
				GCC_WARN_64_TO_32_BIT_CONVERSION = YES;
				GCC_WARN_ABOUT_RETURN_TYPE = YES_ERROR;
				GCC_WARN_UNDECLARED_SELECTOR = YES;
				GCC_WARN_UNINITIALIZED_AUTOS = YES_AGGRESSIVE;
				GCC_WARN_UNUSED_FUNCTION = YES;
				GCC_WARN_UNUSED_VARIABLE = YES;
				IPHONEOS_DEPLOYMENT_TARGET = 13.7;
				MTL_ENABLE_DEBUG_INFO = NO;
				MTL_FAST_MATH = YES;
				SDKROOT = iphoneos;
				SWIFT_COMPILATION_MODE = wholemodule;
				SWIFT_OPTIMIZATION_LEVEL = "-O";
				VALIDATE_PRODUCT = YES;
			};
			name = Release;
		};
		BCCC3CD2250B73070065D7DE /* Debug */ = {
			isa = XCBuildConfiguration;
			baseConfigurationReference = 4759798C4B7FF8784EAF114E /* Pods-BaseMVVM.debug.xcconfig */;
			buildSettings = {
				ASSETCATALOG_COMPILER_APPICON_NAME = AppIcon;
				CODE_SIGN_STYLE = Automatic;
				INFOPLIST_FILE = BaseMVVM/Info.plist;
				LD_RUNPATH_SEARCH_PATHS = (
					"$(inherited)",
					"@executable_path/Frameworks",
				);
				PRODUCT_BUNDLE_IDENTIFIER = TonyHoang.BaseMVVM;
				PRODUCT_NAME = "$(TARGET_NAME)";
				SWIFT_VERSION = 5.0;
				TARGETED_DEVICE_FAMILY = "1,2";
			};
			name = Debug;
		};
		BCCC3CD3250B73070065D7DE /* Release */ = {
			isa = XCBuildConfiguration;
			baseConfigurationReference = D9A18B0AECF408B540EBFF13 /* Pods-BaseMVVM.release.xcconfig */;
			buildSettings = {
				ASSETCATALOG_COMPILER_APPICON_NAME = AppIcon;
				CODE_SIGN_STYLE = Automatic;
				INFOPLIST_FILE = BaseMVVM/Info.plist;
				LD_RUNPATH_SEARCH_PATHS = (
					"$(inherited)",
					"@executable_path/Frameworks",
				);
				PRODUCT_BUNDLE_IDENTIFIER = TonyHoang.BaseMVVM;
				PRODUCT_NAME = "$(TARGET_NAME)";
				SWIFT_VERSION = 5.0;
				TARGETED_DEVICE_FAMILY = "1,2";
			};
			name = Release;
		};
		BCCC3CD5250B73070065D7DE /* Debug */ = {
			isa = XCBuildConfiguration;
			baseConfigurationReference = 3A09297DAFF3CCD283434025 /* Pods-BaseMVVMTests.debug.xcconfig */;
			buildSettings = {
				ALWAYS_EMBED_SWIFT_STANDARD_LIBRARIES = YES;
				BUNDLE_LOADER = "$(TEST_HOST)";
				CODE_SIGN_STYLE = Automatic;
				INFOPLIST_FILE = BaseMVVMTests/Info.plist;
				IPHONEOS_DEPLOYMENT_TARGET = 13.7;
				LD_RUNPATH_SEARCH_PATHS = (
					"$(inherited)",
					"@executable_path/Frameworks",
					"@loader_path/Frameworks",
				);
				PRODUCT_BUNDLE_IDENTIFIER = TonyHoang.BaseMVVMTests;
				PRODUCT_NAME = "$(TARGET_NAME)";
				SWIFT_VERSION = 5.0;
				TARGETED_DEVICE_FAMILY = "1,2";
				TEST_HOST = "$(BUILT_PRODUCTS_DIR)/BaseMVVM.app/BaseMVVM";
			};
			name = Debug;
		};
		BCCC3CD6250B73070065D7DE /* Release */ = {
			isa = XCBuildConfiguration;
			baseConfigurationReference = 887B81408C6839453C6B2578 /* Pods-BaseMVVMTests.release.xcconfig */;
			buildSettings = {
				ALWAYS_EMBED_SWIFT_STANDARD_LIBRARIES = YES;
				BUNDLE_LOADER = "$(TEST_HOST)";
				CODE_SIGN_STYLE = Automatic;
				INFOPLIST_FILE = BaseMVVMTests/Info.plist;
				IPHONEOS_DEPLOYMENT_TARGET = 13.7;
				LD_RUNPATH_SEARCH_PATHS = (
					"$(inherited)",
					"@executable_path/Frameworks",
					"@loader_path/Frameworks",
				);
				PRODUCT_BUNDLE_IDENTIFIER = TonyHoang.BaseMVVMTests;
				PRODUCT_NAME = "$(TARGET_NAME)";
				SWIFT_VERSION = 5.0;
				TARGETED_DEVICE_FAMILY = "1,2";
				TEST_HOST = "$(BUILT_PRODUCTS_DIR)/BaseMVVM.app/BaseMVVM";
			};
			name = Release;
		};
		BCCC3CD8250B73070065D7DE /* Debug */ = {
			isa = XCBuildConfiguration;
			baseConfigurationReference = A62267B549BC31C911461099 /* Pods-BaseMVVM-BaseMVVMUITests.debug.xcconfig */;
			buildSettings = {
				ALWAYS_EMBED_SWIFT_STANDARD_LIBRARIES = YES;
				CODE_SIGN_STYLE = Automatic;
				INFOPLIST_FILE = BaseMVVMUITests/Info.plist;
				LD_RUNPATH_SEARCH_PATHS = (
					"$(inherited)",
					"@executable_path/Frameworks",
					"@loader_path/Frameworks",
				);
				PRODUCT_BUNDLE_IDENTIFIER = TonyHoang.BaseMVVMUITests;
				PRODUCT_NAME = "$(TARGET_NAME)";
				SWIFT_VERSION = 5.0;
				TARGETED_DEVICE_FAMILY = "1,2";
				TEST_TARGET_NAME = BaseMVVM;
			};
			name = Debug;
		};
		BCCC3CD9250B73070065D7DE /* Release */ = {
			isa = XCBuildConfiguration;
			baseConfigurationReference = F73D9ABCE7A33E0E31A7BF5A /* Pods-BaseMVVM-BaseMVVMUITests.release.xcconfig */;
			buildSettings = {
				ALWAYS_EMBED_SWIFT_STANDARD_LIBRARIES = YES;
				CODE_SIGN_STYLE = Automatic;
				INFOPLIST_FILE = BaseMVVMUITests/Info.plist;
				LD_RUNPATH_SEARCH_PATHS = (
					"$(inherited)",
					"@executable_path/Frameworks",
					"@loader_path/Frameworks",
				);
				PRODUCT_BUNDLE_IDENTIFIER = TonyHoang.BaseMVVMUITests;
				PRODUCT_NAME = "$(TARGET_NAME)";
				SWIFT_VERSION = 5.0;
				TARGETED_DEVICE_FAMILY = "1,2";
				TEST_TARGET_NAME = BaseMVVM;
			};
			name = Release;
		};
/* End XCBuildConfiguration section */

/* Begin XCConfigurationList section */
		BCCC3CA2250B73060065D7DE /* Build configuration list for PBXProject "BaseMVVM" */ = {
			isa = XCConfigurationList;
			buildConfigurations = (
				BCCC3CCF250B73070065D7DE /* Debug */,
				BCCC3CD0250B73070065D7DE /* Release */,
			);
			defaultConfigurationIsVisible = 0;
			defaultConfigurationName = Release;
		};
		BCCC3CD1250B73070065D7DE /* Build configuration list for PBXNativeTarget "BaseMVVM" */ = {
			isa = XCConfigurationList;
			buildConfigurations = (
				BCCC3CD2250B73070065D7DE /* Debug */,
				BCCC3CD3250B73070065D7DE /* Release */,
			);
			defaultConfigurationIsVisible = 0;
			defaultConfigurationName = Release;
		};
		BCCC3CD4250B73070065D7DE /* Build configuration list for PBXNativeTarget "BaseMVVMTests" */ = {
			isa = XCConfigurationList;
			buildConfigurations = (
				BCCC3CD5250B73070065D7DE /* Debug */,
				BCCC3CD6250B73070065D7DE /* Release */,
			);
			defaultConfigurationIsVisible = 0;
			defaultConfigurationName = Release;
		};
		BCCC3CD7250B73070065D7DE /* Build configuration list for PBXNativeTarget "BaseMVVMUITests" */ = {
			isa = XCConfigurationList;
			buildConfigurations = (
				BCCC3CD8250B73070065D7DE /* Debug */,
				BCCC3CD9250B73070065D7DE /* Release */,
			);
			defaultConfigurationIsVisible = 0;
			defaultConfigurationName = Release;
		};
/* End XCConfigurationList section */
	};
	rootObject = BCCC3C9F250B73060065D7DE /* Project object */;
}
